
Microsoft Visual Studio Solution File, Format Version 10.00
# Visual Studio 2008
Project("{FAE04EC0-301F-11D3-BF4B-00C04F79EFBC}") = "WinZZT", "WinZZT\WinZZT.csproj", "{BF10C50F-C8E6-4A36-9F54-59EB688301E7}"
EndProject
Global
	GlobalSection(SolutionConfigurationPlatforms) = preSolution
		Debug|Any CPU = Debug|Any CPU
		Release|Any CPU = Release|Any CPU
	EndGlobalSection
	GlobalSection(ProjectConfigurationPlatforms) = postSolution
		{BF10C50F-C8E6-4A36-9F54-59EB688301E7}.Debug|Any CPU.ActiveCfg = Release|Any CPU
		{BF10C50F-C8E6-4A36-9F54-59EB688301E7}.Debug|Any CPU.Build.0 = Release|Any CPU
		{BF10C50F-C8E6-4A36-9F54-59EB688301E7}.Release|Any CPU.ActiveCfg = Release|Any CPU
		{BF10C50F-C8E6-4A36-9F54-59EB688301E7}.Release|Any CPU.Build.0 = Release|Any CPU
	EndGlobalSection
	GlobalSection(SolutionProperties) = preSolution
		HideSolutionNode = FALSE
	EndGlobalSection
EndGlobal
